
Microsoft Visual Studio Solution File, Format Version 12.00
# Visual Studio Version 17
VisualStudioVersion = 17.5.33530.505
MinimumVisualStudioVersion = 10.0.40219.1
Project("{FAE04EC0-301F-11D3-BF4B-00C04F79EFBC}") = "SentenceFinder", "SentenceFinder\SentenceFinder.csproj", "{2090883D-AF69-4C67-9E77-B6A4D24B9C58}"
EndProject
Global
	GlobalSection(SolutionConfigurationPlatforms) = preSolution
		Debug|Any CPU = Debug|Any CPU
		Release|Any CPU = Release|Any CPU
	EndGlobalSection
	GlobalSection(ProjectConfigurationPlatforms) = postSolution
		{2090883D-AF69-4C67-9E77-B6A4D24B9C58}.Debug|Any CPU.ActiveCfg = Debug|Any CPU
		{2090883D-AF69-4C67-9E77-B6A4D24B9C58}.Debug|Any CPU.Build.0 = Debug|Any CPU
		{2090883D-AF69-4C67-9E77-B6A4D24B9C58}.Release|Any CPU.ActiveCfg = Release|Any CPU
		{2090883D-AF69-4C67-9E77-B6A4D24B9C58}.Release|Any CPU.Build.0 = Release|Any CPU
	EndGlobalSection
	GlobalSection(SolutionProperties) = preSolution
		HideSolutionNode = FALSE
	EndGlobalSection
	GlobalSection(ExtensibilityGlobals) = postSolution
		SolutionGuid = {74C0BF2F-DECF-4EC8-B649-3219124B7C69}
	EndGlobalSection
EndGlobal
